Microsoft Visual Studio Solution File, Format Version 12.00
# Visual Studio Version 17
VisualStudioVersion = 17.13.35931.197 d17.13
MinimumVisualStudioVersion = 10.0.40219.1
Project("{FAE04EC0-301F-11D3-BF4B-00C04F79EFBC}") = "BackgroundTasksBlocksMainThreadNET9", "BackgroundTasksBlocksMainThreadNET9\BackgroundTasksBlocksMainThreadNET9.csproj", "{81A466D6-8296-4097-A316-19C2160795F1}"
EndProject
Project("{FAE04EC0-301F-11D3-BF4B-00C04F79EFBC}") = "BackgroundTasksBlocksMainThreadNET9.Droid", "BackgroundTasksBlocksMainThreadNET9.Droid\BackgroundTasksBlocksMainThreadNET9.Droid.csproj", "{756233CC-56A7-4EEB-92B3-D325C0E8F4A3}"
EndProject
Project("{FAE04EC0-301F-11D3-BF4B-00C04F79EFBC}") = "BackgroundTasksBlocksMainThreadNET9.iOS", "BackgroundTasksBlocksMainThreadNET9.iOS\BackgroundTasksBlocksMainThreadNET9.iOS.csproj", "{1AC2CAB4-9B15-45F1-990E-DD004D445321}"
EndProject
Global
	GlobalSection(SolutionConfigurationPlatforms) = preSolution
		Debug|Any CPU = Debug|Any CPU
		Release|Any CPU = Release|Any CPU
	EndGlobalSection
	GlobalSection(ProjectConfigurationPlatforms) = postSolution
		{81A466D6-8296-4097-A316-19C2160795F1}.Debug|Any CPU.ActiveCfg = Debug|Any CPU
		{81A466D6-8296-4097-A316-19C2160795F1}.Debug|Any CPU.Build.0 = Debug|Any CPU
		{81A466D6-8296-4097-A316-19C2160795F1}.Release|Any CPU.ActiveCfg = Release|Any CPU
		{81A466D6-8296-4097-A316-19C2160795F1}.Release|Any CPU.Build.0 = Release|Any CPU
		{756233CC-56A7-4EEB-92B3-D325C0E8F4A3}.Debug|Any CPU.ActiveCfg = Debug|Any CPU
		{756233CC-56A7-4EEB-92B3-D325C0E8F4A3}.Debug|Any CPU.Build.0 = Debug|Any CPU
		{756233CC-56A7-4EEB-92B3-D325C0E8F4A3}.Debug|Any CPU.Deploy.0 = Debug|Any CPU
		{756233CC-56A7-4EEB-92B3-D325C0E8F4A3}.Release|Any CPU.ActiveCfg = Release|Any CPU
		{756233CC-56A7-4EEB-92B3-D325C0E8F4A3}.Release|Any CPU.Build.0 = Release|Any CPU
		{756233CC-56A7-4EEB-92B3-D325C0E8F4A3}.Release|Any CPU.Deploy.0 = Release|Any CPU
		{1AC2CAB4-9B15-45F1-990E-DD004D445321}.Debug|Any CPU.ActiveCfg = Debug|Any CPU
		{1AC2CAB4-9B15-45F1-990E-DD004D445321}.Debug|Any CPU.Build.0 = Debug|Any CPU
		{1AC2CAB4-9B15-45F1-990E-DD004D445321}.Debug|Any CPU.Deploy.0 = Debug|Any CPU
		{1AC2CAB4-9B15-45F1-990E-DD004D445321}.Release|Any CPU.ActiveCfg = Release|Any CPU
		{1AC2CAB4-9B15-45F1-990E-DD004D445321}.Release|Any CPU.Build.0 = Release|Any CPU
		{1AC2CAB4-9B15-45F1-990E-DD004D445321}.Release|Any CPU.Deploy.0 = Release|Any CPU
	EndGlobalSection
	GlobalSection(SolutionProperties) = preSolution
		HideSolutionNode = FALSE
	EndGlobalSection
	GlobalSection(ExtensibilityGlobals) = postSolution
		SolutionGuid = {13DA22EC-F838-4315-99C9-1969283959A9}
	EndGlobalSection
EndGlobal
